
Microsoft Visual Studio Solution File, Format Version 12.00
# Visual Studio 2013
VisualStudioVersion = 12.0.30324.0
MinimumVisualStudioVersion = 10.0.40219.1
Project("{FAE04EC0-301F-11D3-BF4B-00C04F79EFBC}") = "Meetings", "Meetings\Meetings.csproj", "{58C996C8-6439-42B6-96A3-7C51D9D464D1}"
EndProject
Project("{FAE04EC0-301F-11D3-BF4B-00C04F79EFBC}") = "Meetings.Models", "Meetings.Models\Meetings.Models.csproj", "{CE4B93D2-CCE2-47D1-A95B-68E7179A5D94}"
EndProject
Project("{FAE04EC0-301F-11D3-BF4B-00C04F79EFBC}") = "Meetings.DataAccess", "Meetings.DataAccess\Meetings.DataAccess.csproj", "{4027207B-46F0-496B-8BEE-A2A121FA98BB}"
EndProject
Project("{FAE04EC0-301F-11D3-BF4B-00C04F79EFBC}") = "Meetings.DbFiller", "Meetings.DbFiller\Meetings.DbFiller.csproj", "{269FB31D-A2D4-44D8-BB4B-974F30630A1D}"
EndProject
Global
	GlobalSection(SolutionConfigurationPlatforms) = preSolution
		Debug|Any CPU = Debug|Any CPU
		Release|Any CPU = Release|Any CPU
	EndGlobalSection
	GlobalSection(ProjectConfigurationPlatforms) = postSolution
		{58C996C8-6439-42B6-96A3-7C51D9D464D1}.Debug|Any CPU.ActiveCfg = Debug|Any CPU
		{58C996C8-6439-42B6-96A3-7C51D9D464D1}.Debug|Any CPU.Build.0 = Debug|Any CPU
		{58C996C8-6439-42B6-96A3-7C51D9D464D1}.Release|Any CPU.ActiveCfg = Release|Any CPU
		{58C996C8-6439-42B6-96A3-7C51D9D464D1}.Release|Any CPU.Build.0 = Release|Any CPU
		{CE4B93D2-CCE2-47D1-A95B-68E7179A5D94}.Debug|Any CPU.ActiveCfg = Debug|Any CPU
		{CE4B93D2-CCE2-47D1-A95B-68E7179A5D94}.Debug|Any CPU.Build.0 = Debug|Any CPU
		{CE4B93D2-CCE2-47D1-A95B-68E7179A5D94}.Release|Any CPU.ActiveCfg = Release|Any CPU
		{CE4B93D2-CCE2-47D1-A95B-68E7179A5D94}.Release|Any CPU.Build.0 = Release|Any CPU
		{4027207B-46F0-496B-8BEE-A2A121FA98BB}.Debug|Any CPU.ActiveCfg = Debug|Any CPU
		{4027207B-46F0-496B-8BEE-A2A121FA98BB}.Debug|Any CPU.Build.0 = Debug|Any CPU
		{4027207B-46F0-496B-8BEE-A2A121FA98BB}.Release|Any CPU.ActiveCfg = Release|Any CPU
		{4027207B-46F0-496B-8BEE-A2A121FA98BB}.Release|Any CPU.Build.0 = Release|Any CPU
		{269FB31D-A2D4-44D8-BB4B-974F30630A1D}.Debug|Any CPU.ActiveCfg = Debug|Any CPU
		{269FB31D-A2D4-44D8-BB4B-974F30630A1D}.Debug|Any CPU.Build.0 = Debug|Any CPU
		{269FB31D-A2D4-44D8-BB4B-974F30630A1D}.Release|Any CPU.ActiveCfg = Release|Any CPU
		{269FB31D-A2D4-44D8-BB4B-974F30630A1D}.Release|Any CPU.Build.0 = Release|Any CPU
	EndGlobalSection
	GlobalSection(SolutionProperties) = preSolution
		HideSolutionNode = FALSE
	EndGlobalSection
EndGlobal
